
Microsoft Visual Studio Solution File, Format Version 12.00
# Visual Studio Version 16
VisualStudioVersion = 16.0.31321.278
MinimumVisualStudioVersion = 10.0.40219.1
Project("{9A19103F-16F7-4668-BE54-9A1E7A4F7556}") = "LicensingTest", "LicensingTest.csproj", "{61EA99F9-C792-449C-88C7-4C64B339C55E}"
EndProject
Project("{FAE04EC0-301F-11D3-BF4B-00C04F79EFBC}") = "LicensingUnitTests", "..\LicensingUnitTests\LicensingUnitTests.csproj", "{08D7CF75-2599-4715-9DB1-9E8712FF4038}"
EndProject
Global
	GlobalSection(SolutionConfigurationPlatforms) = preSolution
		Debug|Any CPU = Debug|Any CPU
		Release|Any CPU = Release|Any CPU
	EndGlobalSection
	GlobalSection(ProjectConfigurationPlatforms) = postSolution
		{61EA99F9-C792-449C-88C7-4C64B339C55E}.Debug|Any CPU.ActiveCfg = Debug|Any CPU
		{61EA99F9-C792-449C-88C7-4C64B339C55E}.Debug|Any CPU.Build.0 = Debug|Any CPU
		{61EA99F9-C792-449C-88C7-4C64B339C55E}.Release|Any CPU.ActiveCfg = Release|Any CPU
		{61EA99F9-C792-449C-88C7-4C64B339C55E}.Release|Any CPU.Build.0 = Release|Any CPU
		{08D7CF75-2599-4715-9DB1-9E8712FF4038}.Debug|Any CPU.ActiveCfg = Debug|Any CPU
		{08D7CF75-2599-4715-9DB1-9E8712FF4038}.Debug|Any CPU.Build.0 = Debug|Any CPU
		{08D7CF75-2599-4715-9DB1-9E8712FF4038}.Release|Any CPU.ActiveCfg = Release|Any CPU
		{08D7CF75-2599-4715-9DB1-9E8712FF4038}.Release|Any CPU.Build.0 = Release|Any CPU
	EndGlobalSection
	GlobalSection(SolutionProperties) = preSolution
		HideSolutionNode = FALSE
	EndGlobalSection
	GlobalSection(ExtensibilityGlobals) = postSolution
		SolutionGuid = {681F8D36-EB54-4FB7-8149-810845709DCB}
	EndGlobalSection
EndGlobal
